
Microsoft Visual Studio Solution File, Format Version 12.00
# Visual Studio Version 16
VisualStudioVersion = 16.0.31424.327
MinimumVisualStudioVersion = 10.0.40219.1
Project("{FAE04EC0-301F-11D3-BF4B-00C04F79EFBC}") = "HttpPatch", "HttpPatch.csproj", "{43A9143F-794E-4369-9008-84C360F81264}"
EndProject
Global
	GlobalSection(SolutionConfigurationPlatforms) = preSolution
		Debug|Any CPU = Debug|Any CPU
		Release|Any CPU = Release|Any CPU
	EndGlobalSection
	GlobalSection(ProjectConfigurationPlatforms) = postSolution
		{43A9143F-794E-4369-9008-84C360F81264}.Debug|Any CPU.ActiveCfg = Debug|Any CPU
		{43A9143F-794E-4369-9008-84C360F81264}.Debug|Any CPU.Build.0 = Debug|Any CPU
		{43A9143F-794E-4369-9008-84C360F81264}.Release|Any CPU.ActiveCfg = Release|Any CPU
		{43A9143F-794E-4369-9008-84C360F81264}.Release|Any CPU.Build.0 = Release|Any CPU
	EndGlobalSection
	GlobalSection(SolutionProperties) = preSolution
		HideSolutionNode = FALSE
	EndGlobalSection
	GlobalSection(ExtensibilityGlobals) = postSolution
		SolutionGuid = {FEB65FC2-67A5-4CA1-832C-9F0DCFD3331F}
	EndGlobalSection
EndGlobal
